
Microsoft Visual Studio Solution File, Format Version 12.00
# Visual Studio Version 17
VisualStudioVersion = 17.14.36408.4 d17.14
MinimumVisualStudioVersion = 10.0.40219.1
Project("{FAE04EC0-301F-11D3-BF4B-00C04F79EFBC}") = "globalvaribles", "globalvaribles\globalvaribles.csproj", "{639E1422-BC5C-404A-B172-0DC046F8FB95}"
EndProject
Global
	GlobalSection(SolutionConfigurationPlatforms) = preSolution
		Debug|Any CPU = Debug|Any CPU
		Release|Any CPU = Release|Any CPU
	EndGlobalSection
	GlobalSection(ProjectConfigurationPlatforms) = postSolution
		{639E1422-BC5C-404A-B172-0DC046F8FB95}.Debug|Any CPU.ActiveCfg = Debug|Any CPU
		{639E1422-BC5C-404A-B172-0DC046F8FB95}.Debug|Any CPU.Build.0 = Debug|Any CPU
		{639E1422-BC5C-404A-B172-0DC046F8FB95}.Release|Any CPU.ActiveCfg = Release|Any CPU
		{639E1422-BC5C-404A-B172-0DC046F8FB95}.Release|Any CPU.Build.0 = Release|Any CPU
	EndGlobalSection
	GlobalSection(SolutionProperties) = preSolution
		HideSolutionNode = FALSE
	EndGlobalSection
	GlobalSection(ExtensibilityGlobals) = postSolution
		SolutionGuid = {CD479ADB-D4C5-427E-8505-0153EFAC203F}
	EndGlobalSection
EndGlobal
